// !$*UTF8*$!
{
	archiveVersion = 1;
	classes = {
	};
	objectVersion = 46;
	objects = {

/* Begin PBXBuildFile section */
		11EAFDEF1CE5AC220011355F /* main.m in Sources */ = {isa = PBXBuildFile; fileRef = 11EAFDEE1CE5AC220011355F /* main.m */; };
		11EAFDF21CE5AC230011355F /* AppDelegate.m in Sources */ = {isa = PBXBuildFile; fileRef = 11EAFDF11CE5AC230011355F /* AppDelegate.m */; };
		11EAFDF51CE5AC230011355F /* ViewController.m in Sources */ = {isa = PBXBuildFile; fileRef = 11EAFDF41CE5AC230011355F /* ViewController.m */; };
		11EAFDF81CE5AC230011355F /* Main.storyboard in Resources */ = {isa = PBXBuildFile; fileRef = 11EAFDF61CE5AC230011355F /* Main.storyboard */; };
		11EAFDFA1CE5AC230011355F /* Assets.xcassets in Resources */ = {isa = PBXBuildFile; fileRef = 11EAFDF91CE5AC230011355F /* Assets.xcassets */; };
		11EAFDFD1CE5AC230011355F /* LaunchScreen.storyboard in Resources */ = {isa = PBXBuildFile; fileRef = 11EAFDFB1CE5AC230011355F /* LaunchScreen.storyboard */; };
		11EAFE081CE5AC230011355F /* CI_DemoTests.m in Sources */ = {isa = PBXBuildFile; fileRef = 11EAFE071CE5AC230011355F /* CI_DemoTests.m */; };
		11EAFE131CE5AC230011355F /* CI_DemoUITests.m in Sources */ = {isa = PBXBuildFile; fileRef = 11EAFE121CE5AC230011355F /* CI_DemoUITests.m */; };
/* End PBXBuildFile section */

/* Begin PBXContainerItemProxy section */
		11EAFE041CE5AC230011355F /* PBXContainerItemProxy */ = {
			isa = PBXContainerItemProxy;
			containerPortal = 11EAFDE21CE5AC220011355F /* Project object */;
			proxyType = 1;
			remoteGlobalIDString = 11EAFDE91CE5AC220011355F;
			remoteInfo = CI_Demo;
		};
		11EAFE0F1CE5AC230011355F /* PBXContainerItemProxy */ = {
			isa = PBXContainerItemProxy;
			containerPortal = 11EAFDE21CE5AC220011355F /* Project object */;
			proxyType = 1;
			remoteGlobalIDString = 11EAFDE91CE5AC220011355F;
			remoteInfo = CI_Demo;
		};
/* End PBXContainerItemProxy section */

/* Begin PBXFileReference section */
		11EAFDEA1CE5AC220011355F /* CI_Demo.app */ = {isa = PBXFileReference; explicitFileType = wrapper.application; includeInIndex = 0; path = CI_Demo.app; sourceTree = BUILT_PRODUCTS_DIR; };
		11EAFDEE1CE5AC220011355F /* main.m */ = {isa = PBXFileReference; lastKnownFileType = sourcecode.c.objc; path = main.m; sourceTree = "<group>"; };
		11EAFDF01CE5AC220011355F /* AppDelegate.h */ = {isa = PBXFileReference; lastKnownFileType = sourcecode.c.h; path = AppDelegate.h; sourceTree = "<group>"; };
		11EAFDF11CE5AC230011355F /* AppDelegate.m */ = {isa = PBXFileReference; lastKnownFileType = sourcecode.c.objc; path = AppDelegate.m; sourceTree = "<group>"; };
		11EAFDF31CE5AC230011355F /* ViewController.h */ = {isa = PBXFileReference; lastKnownFileType = sourcecode.c.h; path = ViewController.h; sourceTree = "<group>"; };
		11EAFDF41CE5AC230011355F /* ViewController.m */ = {isa = PBXFileReference; lastKnownFileType = sourcecode.c.objc; path = ViewController.m; sourceTree = "<group>"; };
		11EAFDF71CE5AC230011355F /* Base */ = {isa = PBXFileReference; lastKnownFileType = file.storyboard; name = Base; path = Base.lproj/Main.storyboard; sourceTree = "<group>"; };
		11EAFDF91CE5AC230011355F /* Assets.xcassets */ = {isa = PBXFileReference; lastKnownFileType = folder.assetcatalog; path = Assets.xcassets; sourceTree = "<group>"; };
		11EAFDFC1CE5AC230011355F /* Base */ = {isa = PBXFileReference; lastKnownFileType = file.storyboard; name = Base; path = Base.lproj/LaunchScreen.storyboard; sourceTree = "<group>"; };
		11EAFDFE1CE5AC230011355F /* Info.plist */ = {isa = PBXFileReference; lastKnownFileType = text.plist.xml; path = Info.plist; sourceTree = "<group>"; };
		11EAFE031CE5AC230011355F /* CI_DemoTests.xctest */ = {isa = PBXFileReference; explicitFileType = wrapper.cfbundle; includeInIndex = 0; path = CI_DemoTests.xctest; sourceTree = BUILT_PRODUCTS_DIR; };
		11EAFE071CE5AC230011355F /* CI_DemoTests.m */ = {isa = PBXFileReference; lastKnownFileType = sourcecode.c.objc; path = CI_DemoTests.m; sourceTree = "<group>"; };
		11EAFE091CE5AC230011355F /* Info.plist */ = {isa = PBXFileReference; lastKnownFileType = text.plist.xml; path = Info.plist; sourceTree = "<group>"; };
		11EAFE0E1CE5AC230011355F /* CI_DemoUITests.xctest */ = {isa = PBXFileReference; explicitFileType = wrapper.cfbundle; includeInIndex = 0; path = CI_DemoUITests.xctest; sourceTree = BUILT_PRODUCTS_DIR; };
		11EAFE121CE5AC230011355F /* CI_DemoUITests.m */ = {isa = PBXFileReference; lastKnownFileType = sourcecode.c.objc; path = CI_DemoUITests.m; sourceTree = "<group>"; };
		11EAFE141CE5AC230011355F /* Info.plist */ = {isa = PBXFileReference; lastKnownFileType = text.plist.xml; path = Info.plist; sourceTree = "<group>"; };
/* End PBXFileReference section */

/* Begin PBXFrameworksBuildPhase section */
		11EAFDE71CE5AC220011355F /* Frameworks */ = {
			isa = PBXFrameworksBuildPhase;
			buildActionMask = 2147483647;
			files = (
			);
			runOnlyForDeploymentPostprocessing = 0;
		};
		11EAFE001CE5AC230011355F /* Frameworks */ = {
			isa = PBXFrameworksBuildPhase;
			buildActionMask = 2147483647;
			files = (
			);
			runOnlyForDeploymentPostprocessing = 0;
		};
		11EAFE0B1CE5AC230011355F /* Frameworks */ = {
			isa = PBXFrameworksBuildPhase;
			buildActionMask = 2147483647;
			files = (
			);
			runOnlyForDeploymentPostprocessing = 0;
		};
/* End PBXFrameworksBuildPhase section */

/* Begin PBXGroup section */
		11EAFDE11CE5AC220011355F = {
			isa = PBXGroup;
			children = (
				11EAFDEC1CE5AC220011355F /* CI_Demo */,
				11EAFE061CE5AC230011355F /* CI_DemoTests */,
				11EAFE111CE5AC230011355F /* CI_DemoUITests */,
				11EAFDEB1CE5AC220011355F /* Products */,
			);
			sourceTree = "<group>";
		};
		11EAFDEB1CE5AC220011355F /* Products */ = {
			isa = PBXGroup;
			children = (
				11EAFDEA1CE5AC220011355F /* CI_Demo.app */,
				11EAFE031CE5AC230011355F /* CI_DemoTests.xctest */,
				11EAFE0E1CE5AC230011355F /* CI_DemoUITests.xctest */,
			);
			name = Products;
			sourceTree = "<group>";
		};
		11EAFDEC1CE5AC220011355F /* CI_Demo */ = {
			isa = PBXGroup;
			children = (
				11EAFDF01CE5AC220011355F /* AppDelegate.h */,
				11EAFDF11CE5AC230011355F /* AppDelegate.m */,
				11EAFDF31CE5AC230011355F /* ViewController.h */,
				11EAFDF41CE5AC230011355F /* ViewController.m */,
				11EAFDF61CE5AC230011355F /* Main.storyboard */,
				11EAFDF91CE5AC230011355F /* Assets.xcassets */,
				11EAFDFB1CE5AC230011355F /* LaunchScreen.storyboard */,
				11EAFDFE1CE5AC230011355F /* Info.plist */,
				11EAFDED1CE5AC220011355F /* Supporting Files */,
			);
			path = CI_Demo;
			sourceTree = "<group>";
		};
		11EAFDED1CE5AC220011355F /* Supporting Files */ = {
			isa = PBXGroup;
			children = (
				11EAFDEE1CE5AC220011355F /* main.m */,
			);
			name = "Supporting Files";
			sourceTree = "<group>";
		};
		11EAFE061CE5AC230011355F /* CI_DemoTests */ = {
			isa = PBXGroup;
			children = (
				11EAFE071CE5AC230011355F /* CI_DemoTests.m */,
				11EAFE091CE5AC230011355F /* Info.plist */,
			);
			path = CI_DemoTests;
			sourceTree = "<group>";
		};
		11EAFE111CE5AC230011355F /* CI_DemoUITests */ = {
			isa = PBXGroup;
			children = (
				11EAFE121CE5AC230011355F /* CI_DemoUITests.m */,
				11EAFE141CE5AC230011355F /* Info.plist */,
			);
			path = CI_DemoUITests;
			sourceTree = "<group>";
		};
/* End PBXGroup section */

/* Begin PBXNativeTarget section */
		11EAFDE91CE5AC220011355F /* CI_Demo */ = {
			isa = PBXNativeTarget;
			buildConfigurationList = 11EAFE171CE5AC230011355F /* Build configuration list for PBXNativeTarget "CI_Demo" */;
			buildPhases = (
				11EAFDE61CE5AC220011355F /* Sources */,
				11EAFDE71CE5AC220011355F /* Frameworks */,
				11EAFDE81CE5AC220011355F /* Resources */,
			);
			buildRules = (
			);
			dependencies = (
			);
			name = CI_Demo;
			productName = CI_Demo;
			productReference = 11EAFDEA1CE5AC220011355F /* CI_Demo.app */;
			productType = "com.apple.product-type.application";
		};
		11EAFE021CE5AC230011355F /* CI_DemoTests */ = {
			isa = PBXNativeTarget;
			buildConfigurationList = 11EAFE1A1CE5AC230011355F /* Build configuration list for PBXNativeTarget "CI_DemoTests" */;
			buildPhases = (
				11EAFDFF1CE5AC230011355F /* Sources */,
				11EAFE001CE5AC230011355F /* Frameworks */,
				11EAFE011CE5AC230011355F /* Resources */,
			);
			buildRules = (
			);
			dependencies = (
				11EAFE051CE5AC230011355F /* PBXTargetDependency */,
			);
			name = CI_DemoTests;
			productName = CI_DemoTests;
			productReference = 11EAFE031CE5AC230011355F /* CI_DemoTests.xctest */;
			productType = "com.apple.product-type.bundle.unit-test";
		};
		11EAFE0D1CE5AC230011355F /* CI_DemoUITests */ = {
			isa = PBXNativeTarget;
			buildConfigurationList = 11EAFE1D1CE5AC230011355F /* Build configuration list for PBXNativeTarget "CI_DemoUITests" */;
			buildPhases = (
				11EAFE0A1CE5AC230011355F /* Sources */,
				11EAFE0B1CE5AC230011355F /* Frameworks */,
				11EAFE0C1CE5AC230011355F /* Resources */,
			);
			buildRules = (
			);
			dependencies = (
				11EAFE101CE5AC230011355F /* PBXTargetDependency */,
			);
			name = CI_DemoUITests;
			productName = CI_DemoUITests;
			productReference = 11EAFE0E1CE5AC230011355F /* CI_DemoUITests.xctest */;
			productType = "com.apple.product-type.bundle.ui-testing";
		};
/* End PBXNativeTarget section */

/* Begin PBXProject section */
		11EAFDE21CE5AC220011355F /* Project object */ = {
			isa = PBXProject;
			attributes = {
				LastUpgradeCheck = 0730;
				ORGANIZATIONNAME = "ChangChao-Tang";
				TargetAttributes = {
					11EAFDE91CE5AC220011355F = {
						CreatedOnToolsVersion = 7.3.1;
					};
					11EAFE021CE5AC230011355F = {
						CreatedOnToolsVersion = 7.3.1;
						TestTargetID = 11EAFDE91CE5AC220011355F;
					};
					11EAFE0D1CE5AC230011355F = {
						CreatedOnToolsVersion = 7.3.1;
						TestTargetID = 11EAFDE91CE5AC220011355F;
					};
				};
			};
			buildConfigurationList = 11EAFDE51CE5AC220011355F /* Build configuration list for PBXProject "CI_Demo" */;
			compatibilityVersion = "Xcode 3.2";
			developmentRegion = English;
			hasScannedForEncodings = 0;
			knownRegions = (
				en,
				Base,
			);
			mainGroup = 11EAFDE11CE5AC220011355F;
			productRefGroup = 11EAFDEB1CE5AC220011355F /* Products */;
			projectDirPath = "";
			projectRoot = "";
			targets = (
				11EAFDE91CE5AC220011355F /* CI_Demo */,
				11EAFE021CE5AC230011355F /* CI_DemoTests */,
				11EAFE0D1CE5AC230011355F /* CI_DemoUITests */,
			);
		};
/* End PBXProject section */

/* Begin PBXResourcesBuildPhase section */
		11EAFDE81CE5AC220011355F /* Resources */ = {
			isa = PBXResourcesBuildPhase;
			buildActionMask = 2147483647;
			files = (
				11EAFDFD1CE5AC230011355F /* LaunchScreen.storyboard in Resources */,
				11EAFDFA1CE5AC230011355F /* Assets.xcassets in Resources */,
				11EAFDF81CE5AC230011355F /* Main.storyboard in Resources */,
			);
			runOnlyForDeploymentPostprocessing = 0;
		};
		11EAFE011CE5AC230011355F /* Resources */ = {
			isa = PBXResourcesBuildPhase;
			buildActionMask = 2147483647;
			files = (
			);
			runOnlyForDeploymentPostprocessing = 0;
		};
		11EAFE0C1CE5AC230011355F /* Resources */ = {
			isa = PBXResourcesBuildPhase;
			buildActionMask = 2147483647;
			files = (
			);
			runOnlyForDeploymentPostprocessing = 0;
		};
/* End PBXResourcesBuildPhase section */

/* Begin PBXSourcesBuildPhase section */
		11EAFDE61CE5AC220011355F /* Sources */ = {
			isa = PBXSourcesBuildPhase;
			buildActionMask = 2147483647;
			files = (
				11EAFDF51CE5AC230011355F /* ViewController.m in Sources */,
				11EAFDF21CE5AC230011355F /* AppDelegate.m in Sources */,
				11EAFDEF1CE5AC220011355F /* main.m in Sources */,
			);
			runOnlyForDeploymentPostprocessing = 0;
		};
		11EAFDFF1CE5AC230011355F /* Sources */ = {
			isa = PBXSourcesBuildPhase;
			buildActionMask = 2147483647;
			files = (
				11EAFE081CE5AC230011355F /* CI_DemoTests.m in Sources */,
			);
			runOnlyForDeploymentPostprocessing = 0;
		};
		11EAFE0A1CE5AC230011355F /* Sources */ = {
			isa = PBXSourcesBuildPhase;
			buildActionMask = 2147483647;
			files = (
				11EAFE131CE5AC230011355F /* CI_DemoUITests.m in Sources */,
			);
			runOnlyForDeploymentPostprocessing = 0;
		};
/* End PBXSourcesBuildPhase section */

/* Begin PBXTargetDependency section */
		11EAFE051CE5AC230011355F /* PBXTargetDependency */ = {
			isa = PBXTargetDependency;
			target = 11EAFDE91CE5AC220011355F /* CI_Demo */;
			targetProxy = 11EAFE041CE5AC230011355F /* PBXContainerItemProxy */;
		};
		11EAFE101CE5AC230011355F /* PBXTargetDependency */ = {
			isa = PBXTargetDependency;
			target = 11EAFDE91CE5AC220011355F /* CI_Demo */;
			targetProxy = 11EAFE0F1CE5AC230011355F /* PBXContainerItemProxy */;
		};
/* End PBXTargetDependency section */

/* Begin PBXVariantGroup section */
		11EAFDF61CE5AC230011355F /* Main.storyboard */ = {
			isa = PBXVariantGroup;
			children = (
				11EAFDF71CE5AC230011355F /* Base */,
			);
			name = Main.storyboard;
			sourceTree = "<group>";
		};
		11EAFDFB1CE5AC230011355F /* LaunchScreen.storyboard */ = {
			isa = PBXVariantGroup;
			children = (
				11EAFDFC1CE5AC230011355F /* Base */,
			);
			name = LaunchScreen.storyboard;
			sourceTree = "<group>";
		};
/* End PBXVariantGroup section */

/* Begin XCBuildConfiguration section */
		11EAFE151CE5AC230011355F /* Debug */ = {
			isa = XCBuildConfiguration;
			buildSettings = {
				ALWAYS_SEARCH_USER_PATHS = NO;
				CLANG_ANALYZER_NONNULL = YES;
				CLANG_CXX_LANGUAGE_STANDARD = "gnu++0x";
				CLANG_CXX_LIBRARY = "libc++";
				CLANG_ENABLE_MODULES = YES;
				CLANG_ENABLE_OBJC_ARC = YES;
				CLANG_WARN_BOOL_CONVERSION = YES;
				CLANG_WARN_CONSTANT_CONVERSION = YES;
				CLANG_WARN_DIRECT_OBJC_ISA_USAGE = YES_ERROR;
				CLANG_WARN_EMPTY_BODY = YES;
				CLANG_WARN_ENUM_CONVERSION = YES;
				CLANG_WARN_INT_CONVERSION = YES;
				CLANG_WARN_OBJC_ROOT_CLASS = YES_ERROR;
				CLANG_WARN_UNREACHABLE_CODE = YES;
				CLANG_WARN__DUPLICATE_METHOD_MATCH = YES;
				"CODE_SIGN_IDENTITY[sdk=iphoneos*]" = "iPhone Developer";
				COPY_PHASE_STRIP = NO;
				DEBUG_INFORMATION_FORMAT = dwarf;
				ENABLE_STRICT_OBJC_MSGSEND = YES;
				ENABLE_TESTABILITY = YES;
				GCC_C_LANGUAGE_STANDARD = gnu99;
				GCC_DYNAMIC_NO_PIC = NO;
				GCC_NO_COMMON_BLOCKS = YES;
				GCC_OPTIMIZATION_LEVEL = 0;
				GCC_PREPROCESSOR_DEFINITIONS = (
					"DEBUG=1",
					"$(inherited)",
				);
				GCC_WARN_64_TO_32_BIT_CONVERSION = YES;
				GCC_WARN_ABOUT_RETURN_TYPE = YES_ERROR;
				GCC_WARN_UNDECLARED_SELECTOR = YES;
				GCC_WARN_UNINITIALIZED_AUTOS = YES_AGGRESSIVE;
				GCC_WARN_UNUSED_FUNCTION = YES;
				GCC_WARN_UNUSED_VARIABLE = YES;
				IPHONEOS_DEPLOYMENT_TARGET = 9.3;
				MTL_ENABLE_DEBUG_INFO = YES;
				ONLY_ACTIVE_ARCH = YES;
				SDKROOT = iphoneos;
				TARGETED_DEVICE_FAMILY = "1,2";
			};
			name = Debug;
		};
		11EAFE161CE5AC230011355F /* Release */ = {
			isa = XCBuildConfiguration;
			buildSettings = {
				ALWAYS_SEARCH_USER_PATHS = NO;
				CLANG_ANALYZER_NONNULL = YES;
				CLANG_CXX_LANGUAGE_STANDARD = "gnu++0x";
				CLANG_CXX_LIBRARY = "libc++";
				CLANG_ENABLE_MODULES = YES;
				CLANG_ENABLE_OBJC_ARC = YES;
				CLANG_WARN_BOOL_CONVERSION = YES;
				CLANG_WARN_CONSTANT_CONVERSION = YES;
				CLANG_WARN_DIRECT_OBJC_ISA_USAGE = YES_ERROR;
				CLANG_WARN_EMPTY_BODY = YES;
				CLANG_WARN_ENUM_CONVERSION = YES;
				CLANG_WARN_INT_CONVERSION = YES;
				CLANG_WARN_OBJC_ROOT_CLASS = YES_ERROR;
				CLANG_WARN_UNREACHABLE_CODE = YES;
				CLANG_WARN__DUPLICATE_METHOD_MATCH = YES;
				"CODE_SIGN_IDENTITY[sdk=iphoneos*]" = "iPhone Developer";
				COPY_PHASE_STRIP = NO;
				DEBUG_INFORMATION_FORMAT = "dwarf-with-dsym";
				ENABLE_NS_ASSERTIONS = NO;
				ENABLE_STRICT_OBJC_MSGSEND = YES;
				GCC_C_LANGUAGE_STANDARD = gnu99;
				GCC_NO_COMMON_BLOCKS = YES;
				GCC_WARN_64_TO_32_BIT_CONVERSION = YES;
				GCC_WARN_ABOUT_RETURN_TYPE = YES_ERROR;
				GCC_WARN_UNDECLARED_SELECTOR = YES;
				GCC_WARN_UNINITIALIZED_AUTOS = YES_AGGRESSIVE;
				GCC_WARN_UNUSED_FUNCTION = YES;
				GCC_WARN_UNUSED_VARIABLE = YES;
				IPHONEOS_DEPLOYMENT_TARGET = 9.3;
				MTL_ENABLE_DEBUG_INFO = NO;
				SDKROOT = iphoneos;
				TARGETED_DEVICE_FAMILY = "1,2";
				VALIDATE_PRODUCT = YES;
			};
			name = Release;
		};
		11EAFE181CE5AC230011355F /* Debug */ = {
			isa = XCBuildConfiguration;
			buildSettings = {
				ASSETCATALOG_COMPILER_APPICON_NAME = AppIcon;
				INFOPLIST_FILE = CI_Demo/Info.plist;
				LD_RUNPATH_SEARCH_PATHS = "$(inherited) @executable_path/Frameworks";
				PRODUCT_BUNDLE_IDENTIFIER = "com.Chao-Tang.CI-Demo";
				PRODUCT_NAME = "$(TARGET_NAME)";
			};
			name = Debug;
		};
		11EAFE191CE5AC230011355F /* Release */ = {
			isa = XCBuildConfiguration;
			buildSettings = {
				ASSETCATALOG_COMPILER_APPICON_NAME = AppIcon;
				INFOPLIST_FILE = CI_Demo/Info.plist;
				LD_RUNPATH_SEARCH_PATHS = "$(inherited) @executable_path/Frameworks";
				PRODUCT_BUNDLE_IDENTIFIER = "com.Chao-Tang.CI-Demo";
				PRODUCT_NAME = "$(TARGET_NAME)";
			};
			name = Release;
		};
		11EAFE1B1CE5AC230011355F /* Debug */ = {
			isa = XCBuildConfiguration;
			buildSettings = {
				BUNDLE_LOADER = "$(TEST_HOST)";
				INFOPLIST_FILE = CI_DemoTests/Info.plist;
				LD_RUNPATH_SEARCH_PATHS = "$(inherited) @executable_path/Frameworks @loader_path/Frameworks";
				PRODUCT_BUNDLE_IDENTIFIER = "com.Chao-Tang.CI-DemoTests";
				PRODUCT_NAME = "$(TARGET_NAME)";
				TEST_HOST = "$(BUILT_PRODUCTS_DIR)/CI_Demo.app/CI_Demo";
			};
			name = Debug;
		};
		11EAFE1C1CE5AC230011355F /* Release */ = {
			isa = XCBuildConfiguration;
			buildSettings = {
				BUNDLE_LOADER = "$(TEST_HOST)";
				INFOPLIST_FILE = CI_DemoTests/Info.plist;
				LD_RUNPATH_SEARCH_PATHS = "$(inherited) @executable_path/Frameworks @loader_path/Frameworks";
				PRODUCT_BUNDLE_IDENTIFIER = "com.Chao-Tang.CI-DemoTests";
				PRODUCT_NAME = "$(TARGET_NAME)";
				TEST_HOST = "$(BUILT_PRODUCTS_DIR)/CI_Demo.app/CI_Demo";
			};
			name = Release;
		};
		11EAFE1E1CE5AC230011355F /* Debug */ = {
			isa = XCBuildConfiguration;
			buildSettings = {
				INFOPLIST_FILE = CI_DemoUITests/Info.plist;
				LD_RUNPATH_SEARCH_PATHS = "$(inherited) @executable_path/Frameworks @loader_path/Frameworks";
				PRODUCT_BUNDLE_IDENTIFIER = "com.Chao-Tang.CI-DemoUITests";
				PRODUCT_NAME = "$(TARGET_NAME)";
				TEST_TARGET_NAME = CI_Demo;
			};
			name = Debug;
		};
		11EAFE1F1CE5AC230011355F /* Release */ = {
			isa = XCBuildConfiguration;
			buildSettings = {
				INFOPLIST_FILE = CI_DemoUITests/Info.plist;
				LD_RUNPATH_SEARCH_PATHS = "$(inherited) @executable_path/Frameworks @loader_path/Frameworks";
				PRODUCT_BUNDLE_IDENTIFIER = "com.Chao-Tang.CI-DemoUITests";
				PRODUCT_NAME = "$(TARGET_NAME)";
				TEST_TARGET_NAME = CI_Demo;
			};
			name = Release;
		};
/* End XCBuildConfiguration section */

/* Begin XCConfigurationList section */
		11EAFDE51CE5AC220011355F /* Build configuration list for PBXProject "CI_Demo" */ = {
			isa = XCConfigurationList;
			buildConfigurations = (
				11EAFE151CE5AC230011355F /* Debug */,
				11EAFE161CE5AC230011355F /* Release */,
			);
			defaultConfigurationIsVisible = 0;
			defaultConfigurationName = Release;
		};
		11EAFE171CE5AC230011355F /* Build configuration list for PBXNativeTarget "CI_Demo" */ = {
			isa = XCConfigurationList;
			buildConfigurations = (
				11EAFE181CE5AC230011355F /* Debug */,
				11EAFE191CE5AC230011355F /* Release */,
			);
			defaultConfigurationIsVisible = 0;
		};
		11EAFE1A1CE5AC230011355F /* Build configuration list for PBXNativeTarget "CI_DemoTests" */ = {
			isa = XCConfigurationList;
			buildConfigurations = (
				11EAFE1B1CE5AC230011355F /* Debug */,
				11EAFE1C1CE5AC230011355F /* Release */,
			);
			defaultConfigurationIsVisible = 0;
		};
		11EAFE1D1CE5AC230011355F /* Build configuration list for PBXNativeTarget "CI_DemoUITests" */ = {
			isa = XCConfigurationList;
			buildConfigurations = (
				11EAFE1E1CE5AC230011355F /* Debug */,
				11EAFE1F1CE5AC230011355F /* Release */,
			);
			defaultConfigurationIsVisible = 0;
		};
/* End XCConfigurationList section */
	};
	rootObject = 11EAFDE21CE5AC220011355F /* Project object */;
}
